// !$*UTF8*$!
{
	archiveVersion = 1;
	classes = {
	};
	objectVersion = 46;
	objects = {

/* Begin PBXBuildFile section */
		3A582C2F19D8B22E0033F74E /* AppDelegate.swift in Sources */ = {isa = PBXBuildFile; fileRef = 3A582C2E19D8B22E0033F74E /* AppDelegate.swift */; };
		3A582C3119D8B22E0033F74E /* ViewController.swift in Sources */ = {isa = PBXBuildFile; fileRef = 3A582C3019D8B22E0033F74E /* ViewController.swift */; };
		3A582C3419D8B22E0033F74E /* Main.storyboard in Resources */ = {isa = PBXBuildFile; fileRef = 3A582C3219D8B22E0033F74E /* Main.storyboard */; };
		3A582C3619D8B22E0033F74E /* Images.xcassets in Resources */ = {isa = PBXBuildFile; fileRef = 3A582C3519D8B22E0033F74E /* Images.xcassets */; };
		3A582C3919D8B22E0033F74E /* LaunchScreen.xib in Resources */ = {isa = PBXBuildFile; fileRef = 3A582C3719D8B22E0033F74E /* LaunchScreen.xib */; };
		3A582C4519D8B22E0033F74E /* ObservantTests.swift in Sources */ = {isa = PBXBuildFile; fileRef = 3A582C4419D8B22E0033F74E /* ObservantTests.swift */; };
/* End PBXBuildFile section */

/* Begin PBXContainerItemProxy section */
		3A582C3F19D8B22E0033F74E /* PBXContainerItemProxy */ = {
			isa = PBXContainerItemProxy;
			containerPortal = 3A582C2119D8B22E0033F74E /* Project object */;
			proxyType = 1;
			remoteGlobalIDString = 3A582C2819D8B22E0033F74E;
			remoteInfo = Observant;
		};
/* End PBXContainerItemProxy section */

/* Begin PBXFileReference section */
		3A582C2919D8B22E0033F74E /* Observant.app */ = {isa = PBXFileReference; explicitFileType = wrapper.application; includeInIndex = 0; path = Observant.app; sourceTree = BUILT_PRODUCTS_DIR; };
		3A582C2D19D8B22E0033F74E /* Info.plist */ = {isa = PBXFileReference; lastKnownFileType = text.plist.xml; path = Info.plist; sourceTree = "<group>"; };
		3A582C2E19D8B22E0033F74E /* AppDelegate.swift */ = {isa = PBXFileReference; lastKnownFileType = sourcecode.swift; path = AppDelegate.swift; sourceTree = "<group>"; };
		3A582C3019D8B22E0033F74E /* ViewController.swift */ = {isa = PBXFileReference; lastKnownFileType = sourcecode.swift; path = ViewController.swift; sourceTree = "<group>"; };
		3A582C3319D8B22E0033F74E /* Base */ = {isa = PBXFileReference; lastKnownFileType = file.storyboard; name = Base; path = Base.lproj/Main.storyboard; sourceTree = "<group>"; };
		3A582C3519D8B22E0033F74E /* Images.xcassets */ = {isa = PBXFileReference; lastKnownFileType = folder.assetcatalog; path = Images.xcassets; sourceTree = "<group>"; };
		3A582C3819D8B22E0033F74E /* Base */ = {isa = PBXFileReference; lastKnownFileType = file.xib; name = Base; path = Base.lproj/LaunchScreen.xib; sourceTree = "<group>"; };
		3A582C3E19D8B22E0033F74E /* ObservantTests.xctest */ = {isa = PBXFileReference; explicitFileType = wrapper.cfbundle; includeInIndex = 0; path = ObservantTests.xctest; sourceTree = BUILT_PRODUCTS_DIR; };
		3A582C4319D8B22E0033F74E /* Info.plist */ = {isa = PBXFileReference; lastKnownFileType = text.plist.xml; path = Info.plist; sourceTree = "<group>"; };
		3A582C4419D8B22E0033F74E /* ObservantTests.swift */ = {isa = PBXFileReference; lastKnownFileType = sourcecode.swift; path = ObservantTests.swift; sourceTree = "<group>"; };
/* End PBXFileReference section */

/* Begin PBXFrameworksBuildPhase section */
		3A582C2619D8B22E0033F74E /* Frameworks */ = {
			isa = PBXFrameworksBuildPhase;
			buildActionMask = 2147483647;
			files = (
			);
			runOnlyForDeploymentPostprocessing = 0;
		};
		3A582C3B19D8B22E0033F74E /* Frameworks */ = {
			isa = PBXFrameworksBuildPhase;
			buildActionMask = 2147483647;
			files = (
			);
			runOnlyForDeploymentPostprocessing = 0;
		};
/* End PBXFrameworksBuildPhase section */

/* Begin PBXGroup section */
		3A582C2019D8B22D0033F74E = {
			isa = PBXGroup;
			children = (
				3A582C2B19D8B22E0033F74E /* Observant */,
				3A582C4119D8B22E0033F74E /* ObservantTests */,
				3A582C2A19D8B22E0033F74E /* Products */,
			);
			sourceTree = "<group>";
		};
		3A582C2A19D8B22E0033F74E /* Products */ = {
			isa = PBXGroup;
			children = (
				3A582C2919D8B22E0033F74E /* Observant.app */,
				3A582C3E19D8B22E0033F74E /* ObservantTests.xctest */,
			);
			name = Products;
			sourceTree = "<group>";
		};
		3A582C2B19D8B22E0033F74E /* Observant */ = {
			isa = PBXGroup;
			children = (
				3A582C2E19D8B22E0033F74E /* AppDelegate.swift */,
				3A582C3019D8B22E0033F74E /* ViewController.swift */,
				3A582C3219D8B22E0033F74E /* Main.storyboard */,
				3A582C3519D8B22E0033F74E /* Images.xcassets */,
				3A582C3719D8B22E0033F74E /* LaunchScreen.xib */,
				3A582C2C19D8B22E0033F74E /* Supporting Files */,
			);
			path = Observant;
			sourceTree = "<group>";
		};
		3A582C2C19D8B22E0033F74E /* Supporting Files */ = {
			isa = PBXGroup;
			children = (
				3A582C2D19D8B22E0033F74E /* Info.plist */,
			);
			name = "Supporting Files";
			sourceTree = "<group>";
		};
		3A582C4119D8B22E0033F74E /* ObservantTests */ = {
			isa = PBXGroup;
			children = (
				3A582C4419D8B22E0033F74E /* ObservantTests.swift */,
				3A582C4219D8B22E0033F74E /* Supporting Files */,
			);
			path = ObservantTests;
			sourceTree = "<group>";
		};
		3A582C4219D8B22E0033F74E /* Supporting Files */ = {
			isa = PBXGroup;
			children = (
				3A582C4319D8B22E0033F74E /* Info.plist */,
			);
			name = "Supporting Files";
			sourceTree = "<group>";
		};
/* End PBXGroup section */

/* Begin PBXNativeTarget section */
		3A582C2819D8B22E0033F74E /* Observant */ = {
			isa = PBXNativeTarget;
			buildConfigurationList = 3A582C4819D8B22E0033F74E /* Build configuration list for PBXNativeTarget "Observant" */;
			buildPhases = (
				3A582C2519D8B22E0033F74E /* Sources */,
				3A582C2619D8B22E0033F74E /* Frameworks */,
				3A582C2719D8B22E0033F74E /* Resources */,
			);
			buildRules = (
			);
			dependencies = (
			);
			name = Observant;
			productName = Observant;
			productReference = 3A582C2919D8B22E0033F74E /* Observant.app */;
			productType = "com.apple.product-type.application";
		};
		3A582C3D19D8B22E0033F74E /* ObservantTests */ = {
			isa = PBXNativeTarget;
			buildConfigurationList = 3A582C4B19D8B22E0033F74E /* Build configuration list for PBXNativeTarget "ObservantTests" */;
			buildPhases = (
				3A582C3A19D8B22E0033F74E /* Sources */,
				3A582C3B19D8B22E0033F74E /* Frameworks */,
				3A582C3C19D8B22E0033F74E /* Resources */,
			);
			buildRules = (
			);
			dependencies = (
				3A582C4019D8B22E0033F74E /* PBXTargetDependency */,
			);
			name = ObservantTests;
			productName = ObservantTests;
			productReference = 3A582C3E19D8B22E0033F74E /* ObservantTests.xctest */;
			productType = "com.apple.product-type.bundle.unit-test";
		};
/* End PBXNativeTarget section */

/* Begin PBXProject section */
		3A582C2119D8B22E0033F74E /* Project object */ = {
			isa = PBXProject;
			attributes = {
				LastUpgradeCheck = 0600;
				ORGANIZATIONNAME = ncunited;
				TargetAttributes = {
					3A582C2819D8B22E0033F74E = {
						CreatedOnToolsVersion = 6.0.1;
					};
					3A582C3D19D8B22E0033F74E = {
						CreatedOnToolsVersion = 6.0.1;
						TestTargetID = 3A582C2819D8B22E0033F74E;
					};
				};
			};
			buildConfigurationList = 3A582C2419D8B22E0033F74E /* Build configuration list for PBXProject "Observant" */;
			compatibilityVersion = "Xcode 3.2";
			developmentRegion = English;
			hasScannedForEncodings = 0;
			knownRegions = (
				en,
				Base,
			);
			mainGroup = 3A582C2019D8B22D0033F74E;
			productRefGroup = 3A582C2A19D8B22E0033F74E /* Products */;
			projectDirPath = "";
			projectRoot = "";
			targets = (
				3A582C2819D8B22E0033F74E /* Observant */,
				3A582C3D19D8B22E0033F74E /* ObservantTests */,
			);
		};
/* End PBXProject section */

/* Begin PBXResourcesBuildPhase section */
		3A582C2719D8B22E0033F74E /* Resources */ = {
			isa = PBXResourcesBuildPhase;
			buildActionMask = 2147483647;
			files = (
				3A582C3419D8B22E0033F74E /* Main.storyboard in Resources */,
				3A582C3919D8B22E0033F74E /* LaunchScreen.xib in Resources */,
				3A582C3619D8B22E0033F74E /* Images.xcassets in Resources */,
			);
			runOnlyForDeploymentPostprocessing = 0;
		};
		3A582C3C19D8B22E0033F74E /* Resources */ = {
			isa = PBXResourcesBuildPhase;
			buildActionMask = 2147483647;
			files = (
			);
			runOnlyForDeploymentPostprocessing = 0;
		};
/* End PBXResourcesBuildPhase section */

/* Begin PBXSourcesBuildPhase section */
		3A582C2519D8B22E0033F74E /* Sources */ = {
			isa = PBXSourcesBuildPhase;
			buildActionMask = 2147483647;
			files = (
				3A582C3119D8B22E0033F74E /* ViewController.swift in Sources */,
				3A582C2F19D8B22E0033F74E /* AppDelegate.swift in Sources */,
			);
			runOnlyForDeploymentPostprocessing = 0;
		};
		3A582C3A19D8B22E0033F74E /* Sources */ = {
			isa = PBXSourcesBuildPhase;
			buildActionMask = 2147483647;
			files = (
				3A582C4519D8B22E0033F74E /* ObservantTests.swift in Sources */,
			);
			runOnlyForDeploymentPostprocessing = 0;
		};
/* End PBXSourcesBuildPhase section */

/* Begin PBXTargetDependency section */
		3A582C4019D8B22E0033F74E /* PBXTargetDependency */ = {
			isa = PBXTargetDependency;
			target = 3A582C2819D8B22E0033F74E /* Observant */;
			targetProxy = 3A582C3F19D8B22E0033F74E /* PBXContainerItemProxy */;
		};
/* End PBXTargetDependency section */

/* Begin PBXVariantGroup section */
		3A582C3219D8B22E0033F74E /* Main.storyboard */ = {
			isa = PBXVariantGroup;
			children = (
				3A582C3319D8B22E0033F74E /* Base */,
			);
			name = Main.storyboard;
			sourceTree = "<group>";
		};
		3A582C3719D8B22E0033F74E /* LaunchScreen.xib */ = {
			isa = PBXVariantGroup;
			children = (
				3A582C3819D8B22E0033F74E /* Base */,
			);
			name = LaunchScreen.xib;
			sourceTree = "<group>";
		};
/* End PBXVariantGroup section */

/* Begin XCBuildConfiguration section */
		3A582C4619D8B22E0033F74E /* Debug */ = {
			isa = XCBuildConfiguration;
			buildSettings = {
				ALWAYS_SEARCH_USER_PATHS = NO;
				CLANG_CXX_LANGUAGE_STANDARD = "gnu++0x";
				CLANG_CXX_LIBRARY = "libc++";
				CLANG_ENABLE_MODULES = YES;
				CLANG_ENABLE_OBJC_ARC = YES;
				CLANG_WARN_BOOL_CONVERSION = YES;
				CLANG_WARN_CONSTANT_CONVERSION = YES;
				CLANG_WARN_DIRECT_OBJC_ISA_USAGE = YES_ERROR;
				CLANG_WARN_EMPTY_BODY = YES;
				CLANG_WARN_ENUM_CONVERSION = YES;
				CLANG_WARN_INT_CONVERSION = YES;
				CLANG_WARN_OBJC_ROOT_CLASS = YES_ERROR;
				CLANG_WARN_UNREACHABLE_CODE = YES;
				CLANG_WARN__DUPLICATE_METHOD_MATCH = YES;
				"CODE_SIGN_IDENTITY[sdk=iphoneos*]" = "iPhone Developer";
				COPY_PHASE_STRIP = NO;
				ENABLE_STRICT_OBJC_MSGSEND = YES;
				GCC_C_LANGUAGE_STANDARD = gnu99;
				GCC_DYNAMIC_NO_PIC = NO;
				GCC_OPTIMIZATION_LEVEL = 0;
				GCC_PREPROCESSOR_DEFINITIONS = (
					"DEBUG=1",
					"$(inherited)",
				);
				GCC_SYMBOLS_PRIVATE_EXTERN = NO;
				GCC_WARN_64_TO_32_BIT_CONVERSION = YES;
				GCC_WARN_ABOUT_RETURN_TYPE = YES_ERROR;
				GCC_WARN_UNDECLARED_SELECTOR = YES;
				GCC_WARN_UNINITIALIZED_AUTOS = YES_AGGRESSIVE;
				GCC_WARN_UNUSED_FUNCTION = YES;
				GCC_WARN_UNUSED_VARIABLE = YES;
				IPHONEOS_DEPLOYMENT_TARGET = 8.0;
				MTL_ENABLE_DEBUG_INFO = YES;
				ONLY_ACTIVE_ARCH = YES;
				SDKROOT = iphoneos;
				SWIFT_OPTIMIZATION_LEVEL = "-Onone";
				TARGETED_DEVICE_FAMILY = "1,2";
			};
			name = Debug;
		};
		3A582C4719D8B22E0033F74E /* Release */ = {
			isa = XCBuildConfiguration;
			buildSettings = {
				ALWAYS_SEARCH_USER_PATHS = NO;
				CLANG_CXX_LANGUAGE_STANDARD = "gnu++0x";
				CLANG_CXX_LIBRARY = "libc++";
				CLANG_ENABLE_MODULES = YES;
				CLANG_ENABLE_OBJC_ARC = YES;
				CLANG_WARN_BOOL_CONVERSION = YES;
				CLANG_WARN_CONSTANT_CONVERSION = YES;
				CLANG_WARN_DIRECT_OBJC_ISA_USAGE = YES_ERROR;
				CLANG_WARN_EMPTY_BODY = YES;
				CLANG_WARN_ENUM_CONVERSION = YES;
				CLANG_WARN_INT_CONVERSION = YES;
				CLANG_WARN_OBJC_ROOT_CLASS = YES_ERROR;
				CLANG_WARN_UNREACHABLE_CODE = YES;
				CLANG_WARN__DUPLICATE_METHOD_MATCH = YES;
				"CODE_SIGN_IDENTITY[sdk=iphoneos*]" = "iPhone Developer";
				COPY_PHASE_STRIP = YES;
				ENABLE_NS_ASSERTIONS = NO;
				ENABLE_STRICT_OBJC_MSGSEND = YES;
				GCC_C_LANGUAGE_STANDARD = gnu99;
				GCC_WARN_64_TO_32_BIT_CONVERSION = YES;
				GCC_WARN_ABOUT_RETURN_TYPE = YES_ERROR;
				GCC_WARN_UNDECLARED_SELECTOR = YES;
				GCC_WARN_UNINITIALIZED_AUTOS = YES_AGGRESSIVE;
				GCC_WARN_UNUSED_FUNCTION = YES;
				GCC_WARN_UNUSED_VARIABLE = YES;
				IPHONEOS_DEPLOYMENT_TARGET = 8.0;
				MTL_ENABLE_DEBUG_INFO = NO;
				SDKROOT = iphoneos;
				TARGETED_DEVICE_FAMILY = "1,2";
				VALIDATE_PRODUCT = YES;
			};
			name = Release;
		};
		3A582C4919D8B22E0033F74E /* Debug */ = {
			isa = XCBuildConfiguration;
			buildSettings = {
				ASSETCATALOG_COMPILER_APPICON_NAME = AppIcon;
				INFOPLIST_FILE = Observant/Info.plist;
				LD_RUNPATH_SEARCH_PATHS = "$(inherited) @executable_path/Frameworks";
				PRODUCT_NAME = "$(TARGET_NAME)";
			};
			name = Debug;
		};
		3A582C4A19D8B22E0033F74E /* Release */ = {
			isa = XCBuildConfiguration;
			buildSettings = {
				ASSETCATALOG_COMPILER_APPICON_NAME = AppIcon;
				INFOPLIST_FILE = Observant/Info.plist;
				LD_RUNPATH_SEARCH_PATHS = "$(inherited) @executable_path/Frameworks";
				PRODUCT_NAME = "$(TARGET_NAME)";
			};
			name = Release;
		};
		3A582C4C19D8B22E0033F74E /* Debug */ = {
			isa = XCBuildConfiguration;
			buildSettings = {
				BUNDLE_LOADER = "$(TEST_HOST)";
				FRAMEWORK_SEARCH_PATHS = (
					"$(SDKROOT)/Developer/Library/Frameworks",
					"$(inherited)",
				);
				GCC_PREPROCESSOR_DEFINITIONS = (
					"DEBUG=1",
					"$(inherited)",
				);
				INFOPLIST_FILE = ObservantTests/Info.plist;
				LD_RUNPATH_SEARCH_PATHS = "$(inherited) @executable_path/Frameworks @loader_path/Frameworks";
				PRODUCT_NAME = "$(TARGET_NAME)";
				TEST_HOST = "$(BUILT_PRODUCTS_DIR)/Observant.app/Observant";
			};
			name = Debug;
		};
		3A582C4D19D8B22E0033F74E /* Release */ = {
			isa = XCBuildConfiguration;
			buildSettings = {
				BUNDLE_LOADER = "$(TEST_HOST)";
				FRAMEWORK_SEARCH_PATHS = (
					"$(SDKROOT)/Developer/Library/Frameworks",
					"$(inherited)",
				);
				INFOPLIST_FILE = ObservantTests/Info.plist;
				LD_RUNPATH_SEARCH_PATHS = "$(inherited) @executable_path/Frameworks @loader_path/Frameworks";
				PRODUCT_NAME = "$(TARGET_NAME)";
				TEST_HOST = "$(BUILT_PRODUCTS_DIR)/Observant.app/Observant";
			};
			name = Release;
		};
/* End XCBuildConfiguration section */

/* Begin XCConfigurationList section */
		3A582C2419D8B22E0033F74E /* Build configuration list for PBXProject "Observant" */ = {
			isa = XCConfigurationList;
			buildConfigurations = (
				3A582C4619D8B22E0033F74E /* Debug */,
				3A582C4719D8B22E0033F74E /* Release */,
			);
			defaultConfigurationIsVisible = 0;
			defaultConfigurationName = Release;
		};
		3A582C4819D8B22E0033F74E /* Build configuration list for PBXNativeTarget "Observant" */ = {
			isa = XCConfigurationList;
			buildConfigurations = (
				3A582C4919D8B22E0033F74E /* Debug */,
				3A582C4A19D8B22E0033F74E /* Release */,
			);
			defaultConfigurationIsVisible = 0;
		};
		3A582C4B19D8B22E0033F74E /* Build configuration list for PBXNativeTarget "ObservantTests" */ = {
			isa = XCConfigurationList;
			buildConfigurations = (
				3A582C4C19D8B22E0033F74E /* Debug */,
				3A582C4D19D8B22E0033F74E /* Release */,
			);
			defaultConfigurationIsVisible = 0;
		};
/* End XCConfigurationList section */
	};
	rootObject = 3A582C2119D8B22E0033F74E /* Project object */;
}
